
Microsoft Visual Studio Solution File, Format Version 12.00
# Visual Studio 2013
VisualStudioVersion = 12.0.30723.0
MinimumVisualStudioVersion = 10.0.40219.1
Project("{FAE04EC0-301F-11D3-BF4B-00C04F79EFBC}") = "RealFizzBuzz", "RealFizzBuzz\RealFizzBuzz.csproj", "{416B64AE-6801-44A5-82F3-C59CAC10535E}"
EndProject
Project("{FAE04EC0-301F-11D3-BF4B-00C04F79EFBC}") = "RealFizzBuzzTests", "RealFizzBuzzTests\RealFizzBuzzTests.csproj", "{E01C0835-52FB-4B57-BA16-145934B25EC9}"
EndProject
Global
	GlobalSection(SolutionConfigurationPlatforms) = preSolution
		Debug|Any CPU = Debug|Any CPU
		Release|Any CPU = Release|Any CPU
	EndGlobalSection
	GlobalSection(ProjectConfigurationPlatforms) = postSolution
		{416B64AE-6801-44A5-82F3-C59CAC10535E}.Debug|Any CPU.ActiveCfg = Debug|Any CPU
		{416B64AE-6801-44A5-82F3-C59CAC10535E}.Debug|Any CPU.Build.0 = Debug|Any CPU
		{416B64AE-6801-44A5-82F3-C59CAC10535E}.Release|Any CPU.ActiveCfg = Release|Any CPU
		{416B64AE-6801-44A5-82F3-C59CAC10535E}.Release|Any CPU.Build.0 = Release|Any CPU
		{E01C0835-52FB-4B57-BA16-145934B25EC9}.Debug|Any CPU.ActiveCfg = Debug|Any CPU
		{E01C0835-52FB-4B57-BA16-145934B25EC9}.Debug|Any CPU.Build.0 = Debug|Any CPU
		{E01C0835-52FB-4B57-BA16-145934B25EC9}.Release|Any CPU.ActiveCfg = Release|Any CPU
		{E01C0835-52FB-4B57-BA16-145934B25EC9}.Release|Any CPU.Build.0 = Release|Any CPU
	EndGlobalSection
	GlobalSection(SolutionProperties) = preSolution
		HideSolutionNode = FALSE
	EndGlobalSection
EndGlobal
